
Microsoft Visual Studio Solution File, Format Version 9.00
# Visual Studio 2005
Project("{8BC9CEB8-8B4A-11D0-8D11-00A0C91BC942}") = "libmpg123", "libmpg123\libmpg123.vcproj", "{5ABE9A83-CA20-4321-878B-BF71EFDE3A6D}"
	ProjectSection(WebsiteProperties) = preProject
		Debug.AspNetCompiler.Debug = "True"
		Release.AspNetCompiler.Debug = "False"
	EndProjectSection
EndProject
Project("{8BC9CEB8-8B4A-11D0-8D11-00A0C91BC942}") = "feedseek", "feedseek\feedseek.vcproj", "{17555DA4-8E95-4747-BEE2-57DF10043636}"
	ProjectSection(WebsiteProperties) = preProject
		Debug.AspNetCompiler.Debug = "True"
		Release.AspNetCompiler.Debug = "False"
	EndProjectSection
EndProject
Project("{8BC9CEB8-8B4A-11D0-8D11-00A0C91BC942}") = "mpglib", "mpglib\mpglib.vcproj", "{C9568B6D-2A44-4223-B0A0-C0C35B31E9EF}"
	ProjectSection(WebsiteProperties) = preProject
		Debug.AspNetCompiler.Debug = "True"
		Release.AspNetCompiler.Debug = "False"
	EndProjectSection
EndProject
Global
	GlobalSection(SolutionConfigurationPlatforms) = preSolution
		Debug_Generic|Win32 = Debug_Generic|Win32
		Debug_i386|Win32 = Debug_i386|Win32
		Debug_i486|Win32 = Debug_i486|Win32
		Debug|Win32 = Debug|Win32
		Release_Generic|Win32 = Release_Generic|Win32
		Release_i386|Win32 = Release_i386|Win32
		Release_i486|Win32 = Release_i486|Win32
		Release|Win32 = Release|Win32
	EndGlobalSection
	GlobalSection(ProjectConfigurationPlatforms) = postSolution
		{5ABE9A83-CA20-4321-878B-BF71EFDE3A6D}.Debug_Generic|Win32.ActiveCfg = Debug_Generic|Win32
		{5ABE9A83-CA20-4321-878B-BF71EFDE3A6D}.Debug_Generic|Win32.Build.0 = Debug_Generic|Win32
		{5ABE9A83-CA20-4321-878B-BF71EFDE3A6D}.Debug_i386|Win32.ActiveCfg = Debug_i386|Win32
		{5ABE9A83-CA20-4321-878B-BF71EFDE3A6D}.Debug_i386|Win32.Build.0 = Debug_i386|Win32
		{5ABE9A83-CA20-4321-878B-BF71EFDE3A6D}.Debug_i486|Win32.ActiveCfg = Debug_i486|Win32
		{5ABE9A83-CA20-4321-878B-BF71EFDE3A6D}.Debug_i486|Win32.Build.0 = Debug_i486|Win32
		{5ABE9A83-CA20-4321-878B-BF71EFDE3A6D}.Debug|Win32.ActiveCfg = Debug_Generic|Win32
		{5ABE9A83-CA20-4321-878B-BF71EFDE3A6D}.Debug|Win32.Build.0 = Debug_Generic|Win32
		{5ABE9A83-CA20-4321-878B-BF71EFDE3A6D}.Release_Generic|Win32.ActiveCfg = Release_Generic|Win32
		{5ABE9A83-CA20-4321-878B-BF71EFDE3A6D}.Release_Generic|Win32.Build.0 = Release_Generic|Win32
		{5ABE9A83-CA20-4321-878B-BF71EFDE3A6D}.Release_i386|Win32.ActiveCfg = Release_i386|Win32
		{5ABE9A83-CA20-4321-878B-BF71EFDE3A6D}.Release_i386|Win32.Build.0 = Release_i386|Win32
		{5ABE9A83-CA20-4321-878B-BF71EFDE3A6D}.Release_i486|Win32.ActiveCfg = Release_i486|Win32
		{5ABE9A83-CA20-4321-878B-BF71EFDE3A6D}.Release_i486|Win32.Build.0 = Release_i486|Win32
		{5ABE9A83-CA20-4321-878B-BF71EFDE3A6D}.Release|Win32.ActiveCfg = Release_Generic|Win32
		{5ABE9A83-CA20-4321-878B-BF71EFDE3A6D}.Release|Win32.Build.0 = Release_Generic|Win32
		{17555DA4-8E95-4747-BEE2-57DF10043636}.Debug_Generic|Win32.ActiveCfg = Debug|Win32
		{17555DA4-8E95-4747-BEE2-57DF10043636}.Debug_Generic|Win32.Build.0 = Debug|Win32
		{17555DA4-8E95-4747-BEE2-57DF10043636}.Debug_i386|Win32.ActiveCfg = Debug|Win32
		{17555DA4-8E95-4747-BEE2-57DF10043636}.Debug_i386|Win32.Build.0 = Debug|Win32
		{17555DA4-8E95-4747-BEE2-57DF10043636}.Debug_i486|Win32.ActiveCfg = Debug|Win32
		{17555DA4-8E95-4747-BEE2-57DF10043636}.Debug_i486|Win32.Build.0 = Debug|Win32
		{17555DA4-8E95-4747-BEE2-57DF10043636}.Debug|Win32.ActiveCfg = Debug|Win32
		{17555DA4-8E95-4747-BEE2-57DF10043636}.Debug|Win32.Build.0 = Debug|Win32
		{17555DA4-8E95-4747-BEE2-57DF10043636}.Release_Generic|Win32.ActiveCfg = Release|Win32
		{17555DA4-8E95-4747-BEE2-57DF10043636}.Release_Generic|Win32.Build.0 = Release|Win32
		{17555DA4-8E95-4747-BEE2-57DF10043636}.Release_i386|Win32.ActiveCfg = Release|Win32
		{17555DA4-8E95-4747-BEE2-57DF10043636}.Release_i386|Win32.Build.0 = Release|Win32
		{17555DA4-8E95-4747-BEE2-57DF10043636}.Release_i486|Win32.ActiveCfg = Release|Win32
		{17555DA4-8E95-4747-BEE2-57DF10043636}.Release_i486|Win32.Build.0 = Release|Win32
		{17555DA4-8E95-4747-BEE2-57DF10043636}.Release|Win32.ActiveCfg = Release|Win32
		{17555DA4-8E95-4747-BEE2-57DF10043636}.Release|Win32.Build.0 = Release|Win32
		{C9568B6D-2A44-4223-B0A0-C0C35B31E9EF}.Debug_Generic|Win32.ActiveCfg = Debug|Win32
		{C9568B6D-2A44-4223-B0A0-C0C35B31E9EF}.Debug_Generic|Win32.Build.0 = Debug|Win32
		{C9568B6D-2A44-4223-B0A0-C0C35B31E9EF}.Debug_i386|Win32.ActiveCfg = Debug|Win32
		{C9568B6D-2A44-4223-B0A0-C0C35B31E9EF}.Debug_i386|Win32.Build.0 = Debug|Win32
		{C9568B6D-2A44-4223-B0A0-C0C35B31E9EF}.Debug_i486|Win32.ActiveCfg = Debug|Win32
		{C9568B6D-2A44-4223-B0A0-C0C35B31E9EF}.Debug_i486|Win32.Build.0 = Debug|Win32
		{C9568B6D-2A44-4223-B0A0-C0C35B31E9EF}.Debug|Win32.ActiveCfg = Debug|Win32
		{C9568B6D-2A44-4223-B0A0-C0C35B31E9EF}.Debug|Win32.Build.0 = Debug|Win32
		{C9568B6D-2A44-4223-B0A0-C0C35B31E9EF}.Release_Generic|Win32.ActiveCfg = Release|Win32
		{C9568B6D-2A44-4223-B0A0-C0C35B31E9EF}.Release_Generic|Win32.Build.0 = Release|Win32
		{C9568B6D-2A44-4223-B0A0-C0C35B31E9EF}.Release_i386|Win32.ActiveCfg = Release|Win32
		{C9568B6D-2A44-4223-B0A0-C0C35B31E9EF}.Release_i386|Win32.Build.0 = Release|Win32
		{C9568B6D-2A44-4223-B0A0-C0C35B31E9EF}.Release_i486|Win32.ActiveCfg = Release|Win32
		{C9568B6D-2A44-4223-B0A0-C0C35B31E9EF}.Release_i486|Win32.Build.0 = Release|Win32
		{C9568B6D-2A44-4223-B0A0-C0C35B31E9EF}.Release|Win32.ActiveCfg = Release|Win32
		{C9568B6D-2A44-4223-B0A0-C0C35B31E9EF}.Release|Win32.Build.0 = Release|Win32
	EndGlobalSection
	GlobalSection(SolutionProperties) = preSolution
		HideSolutionNode = FALSE
	EndGlobalSection
EndGlobal
